
Microsoft Visual Studio Solution File, Format Version 12.00
# Visual Studio 2012
Project("{FAE04EC0-301F-11D3-BF4B-00C04F79EFBC}") = "VersionUpdater", "VersionUpdater\VersionUpdater.csproj", "{A295F262-6B8D-49EA-B597-6690509EA8B0}"
EndProject
Global
	GlobalSection(SolutionConfigurationPlatforms) = preSolution
		Debug|Any CPU = Debug|Any CPU
		Release|Any CPU = Release|Any CPU
	EndGlobalSection
	GlobalSection(ProjectConfigurationPlatforms) = postSolution
		{A295F262-6B8D-49EA-B597-6690509EA8B0}.Debug|Any CPU.ActiveCfg = Debug|Any CPU
		{A295F262-6B8D-49EA-B597-6690509EA8B0}.Debug|Any CPU.Build.0 = Debug|Any CPU
		{A295F262-6B8D-49EA-B597-6690509EA8B0}.Release|Any CPU.ActiveCfg = Release|Any CPU
		{A295F262-6B8D-49EA-B597-6690509EA8B0}.Release|Any CPU.Build.0 = Release|Any CPU
	EndGlobalSection
EndGlobal
